// !$*UTF8*$!
{
	archiveVersion = 1;
	classes = {
	};
	objectVersion = 46;
	objects = {

/* Begin PBXBuildFile section */
		1F93BB4CBC308D0A8185D111 /* ComposableArchitecture in Frameworks */ = {isa = PBXBuildFile; productRef = 43755B94CAB50FF363ABB453 /* ComposableArchitecture */; };
		3E2DCB2B4CB8F9FF41A3B709 /* PriceActor.swift in Sources */ = {isa = PBXBuildFile; fileRef = B3CFE6ECD50B626D8F18341F /* PriceActor.swift */; };
		712178C9557157F5A978F22B /* KlineTick.swift in Sources */ = {isa = PBXBuildFile; fileRef = 3F61B8263704050C9BFAEC77 /* KlineTick.swift */; };
		85CE08ABA32460B9841DA3B1 /* WebSocketClient.swift in Sources */ = {isa = PBXBuildFile; fileRef = 2C928CBA9BE12B743B9449B7 /* WebSocketClient.swift */; };
		8600B0F4D75934E774D18F45 /* Assets.xcassets in Resources */ = {isa = PBXBuildFile; fileRef = 9CEF75C24670EF37EAEF39F4 /* Assets.xcassets */; };
		BFB78210316AB5D27CB2A652 /* CryptoApp.swift in Sources */ = {isa = PBXBuildFile; fileRef = 0576A50E8397E667503EBBE3 /* CryptoApp.swift */; };
		D11229ADB84183644D63F84D /* CryptoReducer.swift in Sources */ = {isa = PBXBuildFile; fileRef = 933B4D91DE3AA5EEE496C5FA /* CryptoReducer.swift */; };
		D28249C306AEE051E2772489 /* CryptoView.swift in Sources */ = {isa = PBXBuildFile; fileRef = F86E4E12DF623C38810B96AD /* CryptoView.swift */; };
		F71B9B7CC79AF63A713E2F83 /* Foundation.framework in Frameworks */ = {isa = PBXBuildFile; fileRef = 5781CDF7291BE84282158DDF /* Foundation.framework */; };
/* End PBXBuildFile section */

/* Begin PBXFileReference section */
		0576A50E8397E667503EBBE3 /* CryptoApp.swift */ = {isa = PBXFileReference; includeInIndex = 1; lastKnownFileType = sourcecode.swift; path = CryptoApp.swift; sourceTree = "<group>"; };
		07447946FCDE249CDC343BED /* CryptoStream_TCATests.swift */ = {isa = PBXFileReference; includeInIndex = 1; lastKnownFileType = sourcecode.swift; path = CryptoStream_TCATests.swift; sourceTree = "<group>"; };
		07D79FFD4C92D0E21D0ED579 /* CryptoApp.app */ = {isa = PBXFileReference; explicitFileType = wrapper.application; includeInIndex = 0; path = CryptoApp.app; sourceTree = BUILT_PRODUCTS_DIR; };
		2C928CBA9BE12B743B9449B7 /* WebSocketClient.swift */ = {isa = PBXFileReference; includeInIndex = 1; lastKnownFileType = sourcecode.swift; path = WebSocketClient.swift; sourceTree = "<group>"; };
		3F61B8263704050C9BFAEC77 /* KlineTick.swift */ = {isa = PBXFileReference; includeInIndex = 1; lastKnownFileType = sourcecode.swift; path = KlineTick.swift; sourceTree = "<group>"; };
		5781CDF7291BE84282158DDF /* Foundation.framework */ = {isa = PBXFileReference; lastKnownFileType = wrapper.framework; name = Foundation.framework; path = Platforms/iPhoneOS.platform/Developer/SDKs/iPhoneOS18.0.sdk/System/Library/Frameworks/Foundation.framework; sourceTree = DEVELOPER_DIR; };
		5C65FF5B8D559BC045C194F3 /* CryptoAdvancedTests.swift */ = {isa = PBXFileReference; includeInIndex = 1; lastKnownFileType = sourcecode.swift; path = CryptoAdvancedTests.swift; sourceTree = "<group>"; };
		933B4D91DE3AA5EEE496C5FA /* CryptoReducer.swift */ = {isa = PBXFileReference; includeInIndex = 1; lastKnownFileType = sourcecode.swift; path = CryptoReducer.swift; sourceTree = "<group>"; };
		9CEF75C24670EF37EAEF39F4 /* Assets.xcassets */ = {isa = PBXFileReference; includeInIndex = 1; lastKnownFileType = folder.assetcatalog; path = Assets.xcassets; sourceTree = "<group>"; };
		B3CFE6ECD50B626D8F18341F /* PriceActor.swift */ = {isa = PBXFileReference; includeInIndex = 1; lastKnownFileType = sourcecode.swift; path = PriceActor.swift; sourceTree = "<group>"; };
		F86E4E12DF623C38810B96AD /* CryptoView.swift */ = {isa = PBXFileReference; includeInIndex = 1; lastKnownFileType = sourcecode.swift; path = CryptoView.swift; sourceTree = "<group>"; };
/* End PBXFileReference section */

/* Begin PBXFrameworksBuildPhase section */
		63BA2C2CDEC79DBE32CE786F /* Frameworks */ = {
			isa = PBXFrameworksBuildPhase;
			buildActionMask = 2147483647;
			files = (
				F71B9B7CC79AF63A713E2F83 /* Foundation.framework in Frameworks */,
				1F93BB4CBC308D0A8185D111 /* ComposableArchitecture in Frameworks */,
			);
			runOnlyForDeploymentPostprocessing = 0;
		};
/* End PBXFrameworksBuildPhase section */

/* Begin PBXGroup section */
		0587167DF9FAD5645AA0497B /* Frameworks */ = {
			isa = PBXGroup;
			children = (
				CD37723CA44871F8CF393828 /* iOS */,
			);
			name = Frameworks;
			sourceTree = "<group>";
		};
		0C7BFED021D0933388BC44E4 /* Sources */ = {
			isa = PBXGroup;
			children = (
				EBA107084BDEB4BE07782068 /* Clients */,
				D08F66A478D84F208E6BBB33 /* Features */,
				3E77CB152E53F55E24BC5B73 /* Domain */,
			);
			name = Sources;
			path = Sources;
			sourceTree = "<group>";
		};
		3E77CB152E53F55E24BC5B73 /* Domain */ = {
			isa = PBXGroup;
			children = (
				AA9FE23358B3B4A4FF197FED /* Models */,
				59D5346BCAF47D6B10EE1842 /* Actors */,
			);
			name = Domain;
			path = Domain;
			sourceTree = "<group>";
		};
		59D5346BCAF47D6B10EE1842 /* Actors */ = {
			isa = PBXGroup;
			children = (
				B3CFE6ECD50B626D8F18341F /* PriceActor.swift */,
			);
			name = Actors;
			path = Actors;
			sourceTree = "<group>";
		};
		63527B8FAEC75063864AD18B /* WebSocketClient */ = {
			isa = PBXGroup;
			children = (
				2C928CBA9BE12B743B9449B7 /* WebSocketClient.swift */,
			);
			name = WebSocketClient;
			path = WebSocketClient;
			sourceTree = "<group>";
		};
		6F13CCFFAE1BB06C693FB127 /* CryptoStream-TCATests */ = {
			isa = PBXGroup;
			children = (
				5C65FF5B8D559BC045C194F3 /* CryptoAdvancedTests.swift */,
				07447946FCDE249CDC343BED /* CryptoStream_TCATests.swift */,
			);
			name = "CryptoStream-TCATests";
			path = "CryptoStream-TCATests";
			sourceTree = "<group>";
		};
		8C51FBE81865E47C28CD8974 = {
			isa = PBXGroup;
			children = (
				B770ACE2655623E3145270AC /* Products */,
				0587167DF9FAD5645AA0497B /* Frameworks */,
				0576A50E8397E667503EBBE3 /* CryptoApp.swift */,
				0C7BFED021D0933388BC44E4 /* Sources */,
				CE1BE06243197CF68F17249E /* Tests */,
				9CEF75C24670EF37EAEF39F4 /* Assets.xcassets */,
			);
			sourceTree = "<group>";
		};
		AA9FE23358B3B4A4FF197FED /* Models */ = {
			isa = PBXGroup;
			children = (
				3F61B8263704050C9BFAEC77 /* KlineTick.swift */,
			);
			name = Models;
			path = Models;
			sourceTree = "<group>";
		};
		B770ACE2655623E3145270AC /* Products */ = {
			isa = PBXGroup;
			children = (
				07D79FFD4C92D0E21D0ED579 /* CryptoApp.app */,
			);
			name = Products;
			sourceTree = "<group>";
		};
		CD37723CA44871F8CF393828 /* iOS */ = {
			isa = PBXGroup;
			children = (
				5781CDF7291BE84282158DDF /* Foundation.framework */,
			);
			name = iOS;
			sourceTree = "<group>";
		};
		CE1BE06243197CF68F17249E /* Tests */ = {
			isa = PBXGroup;
			children = (
				6F13CCFFAE1BB06C693FB127 /* CryptoStream-TCATests */,
			);
			name = Tests;
			path = Tests;
			sourceTree = "<group>";
		};
		D08F66A478D84F208E6BBB33 /* Features */ = {
			isa = PBXGroup;
			children = (
				FB02F79BEA9A8A0F8090E1A9 /* Crypto */,
			);
			name = Features;
			path = Features;
			sourceTree = "<group>";
		};
		EBA107084BDEB4BE07782068 /* Clients */ = {
			isa = PBXGroup;
			children = (
				63527B8FAEC75063864AD18B /* WebSocketClient */,
			);
			name = Clients;
			path = Clients;
			sourceTree = "<group>";
		};
		FB02F79BEA9A8A0F8090E1A9 /* Crypto */ = {
			isa = PBXGroup;
			children = (
				F86E4E12DF623C38810B96AD /* CryptoView.swift */,
				933B4D91DE3AA5EEE496C5FA /* CryptoReducer.swift */,
			);
			name = Crypto;
			path = Crypto;
			sourceTree = "<group>";
		};
/* End PBXGroup section */

/* Begin PBXNativeTarget section */
		8FC0F11D939AB910AEACF6C2 /* CryptoApp */ = {
			isa = PBXNativeTarget;
			buildConfigurationList = 8BC7273E842B4E56A618C63F /* Build configuration list for PBXNativeTarget "CryptoApp" */;
			buildPhases = (
				BF58D136AA7C73DE0D2E2378 /* Sources */,
				63BA2C2CDEC79DBE32CE786F /* Frameworks */,
				89803989CE2291A8752DA8D6 /* Resources */,
			);
			buildRules = (
			);
			dependencies = (
			);
			name = CryptoApp;
			packageProductDependencies = (
				43755B94CAB50FF363ABB453 /* ComposableArchitecture */,
			);
			productName = CryptoApp;
			productReference = 07D79FFD4C92D0E21D0ED579 /* CryptoApp.app */;
			productType = "com.apple.product-type.application";
		};
/* End PBXNativeTarget section */

/* Begin PBXProject section */
		9C6B184BBD065307C1B67A81 /* Project object */ = {
			isa = PBXProject;
			attributes = {
				LastSwiftUpdateCheck = 1600;
				LastUpgradeCheck = 1600;
			};
			buildConfigurationList = D05E8EABCAD2386997C6776F /* Build configuration list for PBXProject "CryptoApp" */;
			compatibilityVersion = "Xcode 3.2";
			developmentRegion = en;
			hasScannedForEncodings = 0;
			knownRegions = (
				en,
				Base,
			);
			mainGroup = 8C51FBE81865E47C28CD8974;
			minimizedProjectReferenceProxies = 0;
			packageReferences = (
				CED493C42D0E60FC1290E693 /* XCRemoteSwiftPackageReference "swift-composable-architecture" */,
			);
			preferredProjectObjectVersion = 77;
			productRefGroup = B770ACE2655623E3145270AC /* Products */;
			projectDirPath = "";
			projectRoot = "";
			targets = (
				8FC0F11D939AB910AEACF6C2 /* CryptoApp */,
			);
		};
/* End PBXProject section */

/* Begin PBXResourcesBuildPhase section */
		89803989CE2291A8752DA8D6 /* Resources */ = {
			isa = PBXResourcesBuildPhase;
			buildActionMask = 2147483647;
			files = (
				8600B0F4D75934E774D18F45 /* Assets.xcassets in Resources */,
			);
			runOnlyForDeploymentPostprocessing = 0;
		};
/* End PBXResourcesBuildPhase section */

/* Begin PBXSourcesBuildPhase section */
		BF58D136AA7C73DE0D2E2378 /* Sources */ = {
			isa = PBXSourcesBuildPhase;
			buildActionMask = 2147483647;
			files = (
				BFB78210316AB5D27CB2A652 /* CryptoApp.swift in Sources */,
				85CE08ABA32460B9841DA3B1 /* WebSocketClient.swift in Sources */,
				D28249C306AEE051E2772489 /* CryptoView.swift in Sources */,
				D11229ADB84183644D63F84D /* CryptoReducer.swift in Sources */,
				712178C9557157F5A978F22B /* KlineTick.swift in Sources */,
				3E2DCB2B4CB8F9FF41A3B709 /* PriceActor.swift in Sources */,
			);
			runOnlyForDeploymentPostprocessing = 0;
		};
/* End PBXSourcesBuildPhase section */

/* Begin XCBuildConfiguration section */
		09017A6690001DD6C966FAF9 /* Debug */ = {
			isa = XCBuildConfiguration;
			buildSettings = {
				ASSETCATALOG_COMPILER_APPICON_NAME = AppIcon;
				ASSETCATALOG_COMPILER_GLOBAL_ACCENT_COLOR_NAME = AccentColor;
				CLANG_ENABLE_OBJC_WEAK = NO;
				DEVELOPMENT_TEAM = "";
				GENERATE_INFOPLIST_FILE = YES;
				INFOPLIST_KEY_UIApplicationSceneManifest_Generation = YES;
				INFOPLIST_KEY_UILaunchScreen_Generation = YES;
				INFOPLIST_KEY_UIRequiresFullScreen = YES;
				IPHONEOS_DEPLOYMENT_TARGET = 16.0;
				LD_RUNPATH_SEARCH_PATHS = "$(inherited) @executable_path/Frameworks";
				PRODUCT_BUNDLE_IDENTIFIER = com.gemini.CryptoApp;
				SDKROOT = iphoneos;
				TARGETED_DEVICE_FAMILY = "1,2";
			};
			name = Debug;
		};
		28374D54BF23BAE048EF9588 /* Release */ = {
			isa = XCBuildConfiguration;
			buildSettings = {
				ALWAYS_SEARCH_USER_PATHS = NO;
				CLANG_ANALYZER_NONNULL = YES;
				CLANG_ANALYZER_NUMBER_OBJECT_CONVERSION = YES_AGGRESSIVE;
				CLANG_CXX_LANGUAGE_STANDARD = "gnu++14";
				CLANG_CXX_LIBRARY = "libc++";
				CLANG_ENABLE_MODULES = YES;
				CLANG_ENABLE_OBJC_ARC = YES;
				CLANG_ENABLE_OBJC_WEAK = YES;
				CLANG_WARN_BLOCK_CAPTURE_AUTORELEASING = YES;
				CLANG_WARN_BOOL_CONVERSION = YES;
				CLANG_WARN_COMMA = YES;
				CLANG_WARN_CONSTANT_CONVERSION = YES;
				CLANG_WARN_DEPRECATED_OBJC_IMPLEMENTATIONS = YES;
				CLANG_WARN_DIRECT_OBJC_ISA_USAGE = YES_ERROR;
				CLANG_WARN_DOCUMENTATION_COMMENTS = YES;
				CLANG_WARN_EMPTY_BODY = YES;
				CLANG_WARN_ENUM_CONVERSION = YES;
				CLANG_WARN_INFINITE_RECURSION = YES;
				CLANG_WARN_INT_CONVERSION = YES;
				CLANG_WARN_NON_LITERAL_NULL_CONVERSION = YES;
				CLANG_WARN_OBJC_IMPLICIT_RETAIN_SELF = YES;
				CLANG_WARN_OBJC_LITERAL_CONVERSION = YES;
				CLANG_WARN_OBJC_ROOT_CLASS = YES_ERROR;
				CLANG_WARN_QUOTED_INCLUDE_IN_FRAMEWORK_HEADER = YES;
				CLANG_WARN_RANGE_LOOP_ANALYSIS = YES;
				CLANG_WARN_STRICT_PROTOTYPES = YES;
				CLANG_WARN_SUSPICIOUS_MOVE = YES;
				CLANG_WARN_UNGUARDED_AVAILABILITY = YES_AGGRESSIVE;
				CLANG_WARN_UNREACHABLE_CODE = YES;
				CLANG_WARN__DUPLICATE_METHOD_MATCH = YES;
				COPY_PHASE_STRIP = NO;
				DEBUG_INFORMATION_FORMAT = "dwarf-with-dsym";
				ENABLE_NS_ASSERTIONS = NO;
				ENABLE_STRICT_OBJC_MSGSEND = YES;
				GCC_C_LANGUAGE_STANDARD = gnu11;
				GCC_NO_COMMON_BLOCKS = YES;
				GCC_WARN_64_TO_32_BIT_CONVERSION = YES;
				GCC_WARN_ABOUT_RETURN_TYPE = YES_ERROR;
				GCC_WARN_UNDECLARED_SELECTOR = YES;
				GCC_WARN_UNINITIALIZED_AUTOS = YES_AGGRESSIVE;
				GCC_WARN_UNUSED_FUNCTION = YES;
				GCC_WARN_UNUSED_VARIABLE = YES;
				MTL_ENABLE_DEBUG_INFO = NO;
				MTL_FAST_MATH = YES;
				PRODUCT_NAME = "$(TARGET_NAME)";
				SWIFT_COMPILATION_MODE = wholemodule;
				SWIFT_OPTIMIZATION_LEVEL = "-O";
				SWIFT_VERSION = 5.0;
			};
			name = Release;
		};
		5F11C73FCB8D39BBDF4B38A5 /* Debug */ = {
			isa = XCBuildConfiguration;
			buildSettings = {
				ALWAYS_SEARCH_USER_PATHS = NO;
				CLANG_ANALYZER_NONNULL = YES;
				CLANG_ANALYZER_NUMBER_OBJECT_CONVERSION = YES_AGGRESSIVE;
				CLANG_CXX_LANGUAGE_STANDARD = "gnu++14";
				CLANG_CXX_LIBRARY = "libc++";
				CLANG_ENABLE_MODULES = YES;
				CLANG_ENABLE_OBJC_ARC = YES;
				CLANG_ENABLE_OBJC_WEAK = YES;
				CLANG_WARN_BLOCK_CAPTURE_AUTORELEASING = YES;
				CLANG_WARN_BOOL_CONVERSION = YES;
				CLANG_WARN_COMMA = YES;
				CLANG_WARN_CONSTANT_CONVERSION = YES;
				CLANG_WARN_DEPRECATED_OBJC_IMPLEMENTATIONS = YES;
				CLANG_WARN_DIRECT_OBJC_ISA_USAGE = YES_ERROR;
				CLANG_WARN_DOCUMENTATION_COMMENTS = YES;
				CLANG_WARN_EMPTY_BODY = YES;
				CLANG_WARN_ENUM_CONVERSION = YES;
				CLANG_WARN_INFINITE_RECURSION = YES;
				CLANG_WARN_INT_CONVERSION = YES;
				CLANG_WARN_NON_LITERAL_NULL_CONVERSION = YES;
				CLANG_WARN_OBJC_IMPLICIT_RETAIN_SELF = YES;
				CLANG_WARN_OBJC_LITERAL_CONVERSION = YES;
				CLANG_WARN_OBJC_ROOT_CLASS = YES_ERROR;
				CLANG_WARN_QUOTED_INCLUDE_IN_FRAMEWORK_HEADER = YES;
				CLANG_WARN_RANGE_LOOP_ANALYSIS = YES;
				CLANG_WARN_STRICT_PROTOTYPES = YES;
				CLANG_WARN_SUSPICIOUS_MOVE = YES;
				CLANG_WARN_UNGUARDED_AVAILABILITY = YES_AGGRESSIVE;
				CLANG_WARN_UNREACHABLE_CODE = YES;
				CLANG_WARN__DUPLICATE_METHOD_MATCH = YES;
				COPY_PHASE_STRIP = NO;
				DEBUG_INFORMATION_FORMAT = dwarf;
				ENABLE_STRICT_OBJC_MSGSEND = YES;
				ENABLE_TESTABILITY = YES;
				GCC_C_LANGUAGE_STANDARD = gnu11;
				GCC_DYNAMIC_NO_PIC = NO;
				GCC_NO_COMMON_BLOCKS = YES;
				GCC_OPTIMIZATION_LEVEL = 0;
				GCC_PREPROCESSOR_DEFINITIONS = (
					"DEBUG=1",
					"$(inherited)",
				);
				GCC_WARN_64_TO_32_BIT_CONVERSION = YES;
				GCC_WARN_ABOUT_RETURN_TYPE = YES_ERROR;
				GCC_WARN_UNDECLARED_SELECTOR = YES;
				GCC_WARN_UNINITIALIZED_AUTOS = YES_AGGRESSIVE;
				GCC_WARN_UNUSED_FUNCTION = YES;
				GCC_WARN_UNUSED_VARIABLE = YES;
				MTL_ENABLE_DEBUG_INFO = INCLUDE_SOURCE;
				MTL_FAST_MATH = YES;
				ONLY_ACTIVE_ARCH = YES;
				PRODUCT_NAME = "$(TARGET_NAME)";
				SWIFT_ACTIVE_COMPILATION_CONDITIONS = DEBUG;
				SWIFT_OPTIMIZATION_LEVEL = "-Onone";
				SWIFT_VERSION = 5.0;
			};
			name = Debug;
		};
		B9C14E3D42B678B1800AB04C /* Release */ = {
			isa = XCBuildConfiguration;
			buildSettings = {
				ASSETCATALOG_COMPILER_APPICON_NAME = AppIcon;
				ASSETCATALOG_COMPILER_GLOBAL_ACCENT_COLOR_NAME = AccentColor;
				CLANG_ENABLE_OBJC_WEAK = NO;
				DEVELOPMENT_TEAM = "";
				GENERATE_INFOPLIST_FILE = YES;
				INFOPLIST_KEY_UIApplicationSceneManifest_Generation = YES;
				INFOPLIST_KEY_UILaunchScreen_Generation = YES;
				INFOPLIST_KEY_UIRequiresFullScreen = YES;
				IPHONEOS_DEPLOYMENT_TARGET = 16.0;
				LD_RUNPATH_SEARCH_PATHS = "$(inherited) @executable_path/Frameworks";
				PRODUCT_BUNDLE_IDENTIFIER = com.gemini.CryptoApp;
				SDKROOT = iphoneos;
				TARGETED_DEVICE_FAMILY = "1,2";
				VALIDATE_PRODUCT = YES;
			};
			name = Release;
		};
/* End XCBuildConfiguration section */

/* Begin XCConfigurationList section */
		8BC7273E842B4E56A618C63F /* Build configuration list for PBXNativeTarget "CryptoApp" */ = {
			isa = XCConfigurationList;
			buildConfigurations = (
				B9C14E3D42B678B1800AB04C /* Release */,
				09017A6690001DD6C966FAF9 /* Debug */,
			);
			defaultConfigurationIsVisible = 0;
			defaultConfigurationName = Release;
		};
		D05E8EABCAD2386997C6776F /* Build configuration list for PBXProject "CryptoApp" */ = {
			isa = XCConfigurationList;
			buildConfigurations = (
				5F11C73FCB8D39BBDF4B38A5 /* Debug */,
				28374D54BF23BAE048EF9588 /* Release */,
			);
			defaultConfigurationIsVisible = 0;
			defaultConfigurationName = Release;
		};
/* End XCConfigurationList section */

/* Begin XCRemoteSwiftPackageReference section */
		CED493C42D0E60FC1290E693 /* XCRemoteSwiftPackageReference "swift-composable-architecture" */ = {
			isa = XCRemoteSwiftPackageReference;
			repositoryURL = "https://github.com/pointfreeco/swift-composable-architecture.git";
			requirement = {
				kind = exactVersion;
				version = 1.0.0;
			};
		};
/* End XCRemoteSwiftPackageReference section */

/* Begin XCSwiftPackageProductDependency section */
		43755B94CAB50FF363ABB453 /* ComposableArchitecture */ = {
			isa = XCSwiftPackageProductDependency;
			package = CED493C42D0E60FC1290E693 /* XCRemoteSwiftPackageReference "swift-composable-architecture" */;
			productName = ComposableArchitecture;
		};
/* End XCSwiftPackageProductDependency section */
	};
	rootObject = 9C6B184BBD065307C1B67A81 /* Project object */;
}
