// !$*UTF8*$!
{
	archiveVersion = 1;
	classes = {
	};
	objectVersion = 54;
	objects = {

/* Begin PBXBuildFile section */
		098F2EB1B1B7097F8F3748EF /* Foundation.framework in Frameworks */ = {isa = PBXBuildFile; fileRef = EF8D294AD1AAA9D9B51552AC /* Foundation.framework */; };
		13449A0E46B51EE60C81B24B /* CryptoApp.swift in Sources */ = {isa = PBXBuildFile; fileRef = 9216E872736815F1A95554A7 /* CryptoApp.swift */; };
		56B7CF6E14DF59AB17372EC1 /* PriceActor.swift in Sources */ = {isa = PBXBuildFile; fileRef = 6C15F297F43FF2723FBE94FA /* PriceActor.swift */; };
		72C828E28DC575094CB8B5E7 /* PriceTick.swift in Sources */ = {isa = PBXBuildFile; fileRef = 86B9FFED2F6134FED593C4E7 /* PriceTick.swift */; };
		7F68956E6D20C437E4A1C567 /* CryptoReducer.swift in Sources */ = {isa = PBXBuildFile; fileRef = 4322A3A1C3423B2333C1FA49 /* CryptoReducer.swift */; };
		B5AF26CAEAF717F52CF9A538 /* ComposableArchitecture in Frameworks */ = {isa = PBXBuildFile; productRef = CC6BA2970EA4E448BF20AE9F /* ComposableArchitecture */; };
		B7BC934E7F0BCC709EC2AFA8 /* CryptoView.swift in Sources */ = {isa = PBXBuildFile; fileRef = 2FBC17DF5A5A8FA08A5E03D9 /* CryptoView.swift */; };
		C6D52BBC6EBFB10B8D721111 /* WebSocketClient.swift in Sources */ = {isa = PBXBuildFile; fileRef = B290EAB68F9605C01895F917 /* WebSocketClient.swift */; };
/* End PBXBuildFile section */

/* Begin PBXFileReference section */
		2FBC17DF5A5A8FA08A5E03D9 /* CryptoView.swift */ = {isa = PBXFileReference; includeInIndex = 1; lastKnownFileType = sourcecode.swift; path = CryptoView.swift; sourceTree = "<group>"; };
		4322A3A1C3423B2333C1FA49 /* CryptoReducer.swift */ = {isa = PBXFileReference; includeInIndex = 1; lastKnownFileType = sourcecode.swift; path = CryptoReducer.swift; sourceTree = "<group>"; };
		6C15F297F43FF2723FBE94FA /* PriceActor.swift */ = {isa = PBXFileReference; includeInIndex = 1; lastKnownFileType = sourcecode.swift; path = PriceActor.swift; sourceTree = "<group>"; };
		86B9FFED2F6134FED593C4E7 /* PriceTick.swift */ = {isa = PBXFileReference; includeInIndex = 1; lastKnownFileType = sourcecode.swift; path = PriceTick.swift; sourceTree = "<group>"; };
		9216E872736815F1A95554A7 /* CryptoApp.swift */ = {isa = PBXFileReference; includeInIndex = 1; lastKnownFileType = sourcecode.swift; path = CryptoApp.swift; sourceTree = "<group>"; };
		B290EAB68F9605C01895F917 /* WebSocketClient.swift */ = {isa = PBXFileReference; includeInIndex = 1; lastKnownFileType = sourcecode.swift; path = WebSocketClient.swift; sourceTree = "<group>"; };
		C60BAB0A5034C5B4DFA60069 /* CryptoApp.app */ = {isa = PBXFileReference; explicitFileType = wrapper.application; includeInIndex = 0; path = CryptoApp.app; sourceTree = BUILT_PRODUCTS_DIR; };
		EF8D294AD1AAA9D9B51552AC /* Foundation.framework */ = {isa = PBXFileReference; lastKnownFileType = wrapper.framework; name = Foundation.framework; path = Platforms/iPhoneOS.platform/Developer/SDKs/iPhoneOS18.0.sdk/System/Library/Frameworks/Foundation.framework; sourceTree = DEVELOPER_DIR; };
/* End PBXFileReference section */

/* Begin PBXFrameworksBuildPhase section */
		E36448ADE7AFE3F00972CE65 /* Frameworks */ = {
			isa = PBXFrameworksBuildPhase;
			buildActionMask = 2147483647;
			files = (
				098F2EB1B1B7097F8F3748EF /* Foundation.framework in Frameworks */,
				B5AF26CAEAF717F52CF9A538 /* ComposableArchitecture in Frameworks */,
			);
			runOnlyForDeploymentPostprocessing = 0;
		};
/* End PBXFrameworksBuildPhase section */

/* Begin PBXGroup section */
		5CC699482F8D9C1A8C0A2DED /* Frameworks */ = {
			isa = PBXGroup;
			children = (
				7DEC4714340958CA42E6F828 /* iOS */,
			);
			name = Frameworks;
			sourceTree = "<group>";
		};
		7DEC4714340958CA42E6F828 /* iOS */ = {
			isa = PBXGroup;
			children = (
				EF8D294AD1AAA9D9B51552AC /* Foundation.framework */,
			);
			name = iOS;
			sourceTree = "<group>";
		};
		82615F39482B84FBB955CBE2 = {
			isa = PBXGroup;
			children = (
				DFB1BF1B18BA29E5492F0B88 /* Products */,
				5CC699482F8D9C1A8C0A2DED /* Frameworks */,
				9216E872736815F1A95554A7 /* CryptoApp.swift */,
				AA000001111111111111AA01 /* Sources */,
			);
			sourceTree = "<group>";
		};
		AA000001111111111111AA01 /* Sources */ = {
			isa = PBXGroup;
			children = (
				AA000001111111111111AA02 /* Clients */,
				AA000001111111111111AA05 /* Domain */,
				AA000001111111111111AA09 /* Features */,
			);
			name = Sources;
			path = Sources;
			sourceTree = "<group>";
		};
		AA000001111111111111AA02 /* Clients */ = {
			isa = PBXGroup;
			children = (
				AA000001111111111111AA03 /* WebSocketClient */,
			);
			name = Clients;
			path = Clients;
			sourceTree = "<group>";
		};
		AA000001111111111111AA03 /* WebSocketClient */ = {
			isa = PBXGroup;
			children = (
				B290EAB68F9605C01895F917 /* WebSocketClient.swift */,
			);
			name = WebSocketClient;
			path = WebSocketClient;
			sourceTree = "<group>";
		};
		AA000001111111111111AA05 /* Domain */ = {
			isa = PBXGroup;
			children = (
				AA000001111111111111AA06 /* Actors */,
				AA000001111111111111AA07 /* Models */,
			);
			name = Domain;
			path = Domain;
			sourceTree = "<group>";
		};
		AA000001111111111111AA06 /* Actors */ = {
			isa = PBXGroup;
			children = (
				6C15F297F43FF2723FBE94FA /* PriceActor.swift */,
			);
			name = Actors;
			path = Actors;
			sourceTree = "<group>";
		};
		AA000001111111111111AA07 /* Models */ = {
			isa = PBXGroup;
			children = (
				86B9FFED2F6134FED593C4E7 /* PriceTick.swift */,
			);
			name = Models;
			path = Models;
			sourceTree = "<group>";
		};
		AA000001111111111111AA09 /* Features */ = {
			isa = PBXGroup;
			children = (
				AA000001111111111111AA10 /* Crypto */,
			);
			name = Features;
			path = Features;
			sourceTree = "<group>";
		};
		AA000001111111111111AA10 /* Crypto */ = {
			isa = PBXGroup;
			children = (
				4322A3A1C3423B2333C1FA49 /* CryptoReducer.swift */,
				2FBC17DF5A5A8FA08A5E03D9 /* CryptoView.swift */,
			);
			name = Crypto;
			path = Crypto;
			sourceTree = "<group>";
		};
		DFB1BF1B18BA29E5492F0B88 /* Products */ = {
			isa = PBXGroup;
			children = (
				C60BAB0A5034C5B4DFA60069 /* CryptoApp.app */,
			);
			name = Products;
			sourceTree = "<group>";
		};
/* End PBXGroup section */

/* Begin PBXNativeTarget section */
		74ADD0D872CBCCD34925D147 /* CryptoApp */ = {
			isa = PBXNativeTarget;
			buildConfigurationList = D666F5F45E15F06F45A247E3 /* Build configuration list for PBXNativeTarget "CryptoApp" */;
			buildPhases = (
				B3137065D4EE8D929DABC87F /* Sources */,
				E36448ADE7AFE3F00972CE65 /* Frameworks */,
				B57DE87E8E4F8C7163115849 /* Resources */,
			);
			buildRules = (
			);
			dependencies = (
			);
			name = CryptoApp;
			packageProductDependencies = (
				CC6BA2970EA4E448BF20AE9F /* ComposableArchitecture */,
			);
			productName = CryptoApp;
			productReference = C60BAB0A5034C5B4DFA60069 /* CryptoApp.app */;
			productType = "com.apple.product-type.application";
		};
/* End PBXNativeTarget section */

/* Begin PBXProject section */
		ADC3024882E377DE8AD5DB05 /* Project object */ = {
			isa = PBXProject;
			attributes = {
				LastSwiftUpdateCheck = 1600;
				LastUpgradeCheck = 1600;
			};
			buildConfigurationList = B9787E903D91B27704AFB99C /* Build configuration list for PBXProject "CryptoApp" */;
			compatibilityVersion = "Xcode 3.2";
			developmentRegion = en;
			hasScannedForEncodings = 0;
			knownRegions = (
				en,
				Base,
			);
			mainGroup = 82615F39482B84FBB955CBE2;
			packageReferences = (
				74901FAA16E93AE3FBDFB40B /* XCRemoteSwiftPackageReference "swift-composable-architecture" */,
			);
			productRefGroup = DFB1BF1B18BA29E5492F0B88 /* Products */;
			projectDirPath = "";
			projectRoot = "";
			targets = (
				74ADD0D872CBCCD34925D147 /* CryptoApp */,
			);
		};
/* End PBXProject section */

/* Begin PBXResourcesBuildPhase section */
		B57DE87E8E4F8C7163115849 /* Resources */ = {
			isa = PBXResourcesBuildPhase;
			buildActionMask = 2147483647;
			files = (
			);
			runOnlyForDeploymentPostprocessing = 0;
		};
/* End PBXResourcesBuildPhase section */

/* Begin PBXSourcesBuildPhase section */
		B3137065D4EE8D929DABC87F /* Sources */ = {
			isa = PBXSourcesBuildPhase;
			buildActionMask = 2147483647;
			files = (
				13449A0E46B51EE60C81B24B /* CryptoApp.swift in Sources */,
				C6D52BBC6EBFB10B8D721111 /* WebSocketClient.swift in Sources */,
				B7BC934E7F0BCC709EC2AFA8 /* CryptoView.swift in Sources */,
				7F68956E6D20C437E4A1C567 /* CryptoReducer.swift in Sources */,
				72C828E28DC575094CB8B5E7 /* PriceTick.swift in Sources */,
				56B7CF6E14DF59AB17372EC1 /* PriceActor.swift in Sources */,
			);
			runOnlyForDeploymentPostprocessing = 0;
		};
/* End PBXSourcesBuildPhase section */

/* Begin XCBuildConfiguration section */
		1E6A11B95C544D43BE79A2F8 /* Release */ = {
			isa = XCBuildConfiguration;
			buildSettings = {
				ASSETCATALOG_COMPILER_APPICON_NAME = AppIcon;
				ASSETCATALOG_COMPILER_GLOBAL_ACCENT_COLOR_NAME = AccentColor;
				CLANG_ENABLE_OBJC_WEAK = NO;
				DEVELOPMENT_TEAM = AKE7P52X3F;
				GENERATE_INFOPLIST_FILE = YES;
				INFOPLIST_KEY_UIApplicationSceneManifest_Generation = YES;
				INFOPLIST_KEY_UILaunchScreen_Generation = YES;
				IPHONEOS_DEPLOYMENT_TARGET = 16.0;
				LD_RUNPATH_SEARCH_PATHS = (
					"$(inherited)",
					"@executable_path/Frameworks",
				);
				PRODUCT_BUNDLE_IDENTIFIER = com.gemini.CryptoApp;
				SDKROOT = iphoneos;
				TARGETED_DEVICE_FAMILY = "1,2";
				VALIDATE_PRODUCT = YES;
			};
			name = Release;
		};
		B588366DC3E238A71D29547C /* Release */ = {
			isa = XCBuildConfiguration;
			buildSettings = {
				ALWAYS_SEARCH_USER_PATHS = NO;
				CLANG_ANALYZER_NONNULL = YES;
				CLANG_ANALYZER_NUMBER_OBJECT_CONVERSION = YES_AGGRESSIVE;
				CLANG_CXX_LANGUAGE_STANDARD = "gnu++14";
				CLANG_CXX_LIBRARY = "libc++";
				CLANG_ENABLE_MODULES = YES;
				CLANG_ENABLE_OBJC_ARC = YES;
				CLANG_ENABLE_OBJC_WEAK = YES;
				CLANG_WARN_BLOCK_CAPTURE_AUTORELEASING = YES;
				CLANG_WARN_BOOL_CONVERSION = YES;
				CLANG_WARN_COMMA = YES;
				CLANG_WARN_CONSTANT_CONVERSION = YES;
				CLANG_WARN_DEPRECATED_OBJC_IMPLEMENTATIONS = YES;
				CLANG_WARN_DIRECT_OBJC_ISA_USAGE = YES_ERROR;
				CLANG_WARN_DOCUMENTATION_COMMENTS = YES;
				CLANG_WARN_EMPTY_BODY = YES;
				CLANG_WARN_ENUM_CONVERSION = YES;
				CLANG_WARN_INFINITE_RECURSION = YES;
				CLANG_WARN_INT_CONVERSION = YES;
				CLANG_WARN_NON_LITERAL_NULL_CONVERSION = YES;
				CLANG_WARN_OBJC_IMPLICIT_RETAIN_SELF = YES;
				CLANG_WARN_OBJC_LITERAL_CONVERSION = YES;
				CLANG_WARN_OBJC_ROOT_CLASS = YES_ERROR;
				CLANG_WARN_QUOTED_INCLUDE_IN_FRAMEWORK_HEADER = YES;
				CLANG_WARN_RANGE_LOOP_ANALYSIS = YES;
				CLANG_WARN_STRICT_PROTOTYPES = YES;
				CLANG_WARN_SUSPICIOUS_MOVE = YES;
				CLANG_WARN_UNGUARDED_AVAILABILITY = YES_AGGRESSIVE;
				CLANG_WARN_UNREACHABLE_CODE = YES;
				CLANG_WARN__DUPLICATE_METHOD_MATCH = YES;
				COPY_PHASE_STRIP = NO;
				DEBUG_INFORMATION_FORMAT = "dwarf-with-dsym";
				ENABLE_NS_ASSERTIONS = NO;
				ENABLE_STRICT_OBJC_MSGSEND = YES;
				GCC_C_LANGUAGE_STANDARD = gnu11;
				GCC_NO_COMMON_BLOCKS = YES;
				GCC_WARN_64_TO_32_BIT_CONVERSION = YES;
				GCC_WARN_ABOUT_RETURN_TYPE = YES_ERROR;
				GCC_WARN_UNDECLARED_SELECTOR = YES;
				GCC_WARN_UNINITIALIZED_AUTOS = YES_AGGRESSIVE;
				GCC_WARN_UNUSED_FUNCTION = YES;
				GCC_WARN_UNUSED_VARIABLE = YES;
				MTL_ENABLE_DEBUG_INFO = NO;
				MTL_FAST_MATH = YES;
				PRODUCT_NAME = "$(TARGET_NAME)";
				SWIFT_COMPILATION_MODE = wholemodule;
				SWIFT_OPTIMIZATION_LEVEL = "-O";
				SWIFT_VERSION = 5.0;
			};
			name = Release;
		};
		E57BB167D4B16E471A6BAD2A /* Debug */ = {
			isa = XCBuildConfiguration;
			buildSettings = {
				ALWAYS_SEARCH_USER_PATHS = NO;
				CLANG_ANALYZER_NONNULL = YES;
				CLANG_ANALYZER_NUMBER_OBJECT_CONVERSION = YES_AGGRESSIVE;
				CLANG_CXX_LANGUAGE_STANDARD = "gnu++14";
				CLANG_CXX_LIBRARY = "libc++";
				CLANG_ENABLE_MODULES = YES;
				CLANG_ENABLE_OBJC_ARC = YES;
				CLANG_ENABLE_OBJC_WEAK = YES;
				CLANG_WARN_BLOCK_CAPTURE_AUTORELEASING = YES;
				CLANG_WARN_BOOL_CONVERSION = YES;
				CLANG_WARN_COMMA = YES;
				CLANG_WARN_CONSTANT_CONVERSION = YES;
				CLANG_WARN_DEPRECATED_OBJC_IMPLEMENTATIONS = YES;
				CLANG_WARN_DIRECT_OBJC_ISA_USAGE = YES_ERROR;
				CLANG_WARN_DOCUMENTATION_COMMENTS = YES;
				CLANG_WARN_EMPTY_BODY = YES;
				CLANG_WARN_ENUM_CONVERSION = YES;
				CLANG_WARN_INFINITE_RECURSION = YES;
				CLANG_WARN_INT_CONVERSION = YES;
				CLANG_WARN_NON_LITERAL_NULL_CONVERSION = YES;
				CLANG_WARN_OBJC_IMPLICIT_RETAIN_SELF = YES;
				CLANG_WARN_OBJC_LITERAL_CONVERSION = YES;
				CLANG_WARN_OBJC_ROOT_CLASS = YES_ERROR;
				CLANG_WARN_QUOTED_INCLUDE_IN_FRAMEWORK_HEADER = YES;
				CLANG_WARN_RANGE_LOOP_ANALYSIS = YES;
				CLANG_WARN_STRICT_PROTOTYPES = YES;
				CLANG_WARN_SUSPICIOUS_MOVE = YES;
				CLANG_WARN_UNGUARDED_AVAILABILITY = YES_AGGRESSIVE;
				CLANG_WARN_UNREACHABLE_CODE = YES;
				CLANG_WARN__DUPLICATE_METHOD_MATCH = YES;
				COPY_PHASE_STRIP = NO;
				DEBUG_INFORMATION_FORMAT = dwarf;
				ENABLE_STRICT_OBJC_MSGSEND = YES;
				ENABLE_TESTABILITY = YES;
				GCC_C_LANGUAGE_STANDARD = gnu11;
				GCC_DYNAMIC_NO_PIC = NO;
				GCC_NO_COMMON_BLOCKS = YES;
				GCC_OPTIMIZATION_LEVEL = 0;
				GCC_PREPROCESSOR_DEFINITIONS = (
					"DEBUG=1",
					"$(inherited)",
				);
				GCC_WARN_64_TO_32_BIT_CONVERSION = YES;
				GCC_WARN_ABOUT_RETURN_TYPE = YES_ERROR;
				GCC_WARN_UNDECLARED_SELECTOR = YES;
				GCC_WARN_UNINITIALIZED_AUTOS = YES_AGGRESSIVE;
				GCC_WARN_UNUSED_FUNCTION = YES;
				GCC_WARN_UNUSED_VARIABLE = YES;
				MTL_ENABLE_DEBUG_INFO = INCLUDE_SOURCE;
				MTL_FAST_MATH = YES;
				ONLY_ACTIVE_ARCH = YES;
				PRODUCT_NAME = "$(TARGET_NAME)";
				SWIFT_ACTIVE_COMPILATION_CONDITIONS = DEBUG;
				SWIFT_OPTIMIZATION_LEVEL = "-Onone";
				SWIFT_VERSION = 5.0;
			};
			name = Debug;
		};
		F84399DFF3746E466D6BDA0E /* Debug */ = {
			isa = XCBuildConfiguration;
			buildSettings = {
				ASSETCATALOG_COMPILER_APPICON_NAME = AppIcon;
				ASSETCATALOG_COMPILER_GLOBAL_ACCENT_COLOR_NAME = AccentColor;
				CLANG_ENABLE_OBJC_WEAK = NO;
				DEVELOPMENT_TEAM = AKE7P52X3F;
				GENERATE_INFOPLIST_FILE = YES;
				INFOPLIST_KEY_UIApplicationSceneManifest_Generation = YES;
				INFOPLIST_KEY_UILaunchScreen_Generation = YES;
				IPHONEOS_DEPLOYMENT_TARGET = 16.0;
				LD_RUNPATH_SEARCH_PATHS = (
					"$(inherited)",
					"@executable_path/Frameworks",
				);
				PRODUCT_BUNDLE_IDENTIFIER = com.gemini.CryptoApp;
				SDKROOT = iphoneos;
				TARGETED_DEVICE_FAMILY = "1,2";
			};
			name = Debug;
		};
/* End XCBuildConfiguration section */

/* Begin XCConfigurationList section */
		B9787E903D91B27704AFB99C /* Build configuration list for PBXProject "CryptoApp" */ = {
			isa = XCConfigurationList;
			buildConfigurations = (
				E57BB167D4B16E471A6BAD2A /* Debug */,
				B588366DC3E238A71D29547C /* Release */,
			);
			defaultConfigurationIsVisible = 0;
			defaultConfigurationName = Release;
		};
		D666F5F45E15F06F45A247E3 /* Build configuration list for PBXNativeTarget "CryptoApp" */ = {
			isa = XCConfigurationList;
			buildConfigurations = (
				1E6A11B95C544D43BE79A2F8 /* Release */,
				F84399DFF3746E466D6BDA0E /* Debug */,
			);
			defaultConfigurationIsVisible = 0;
			defaultConfigurationName = Release;
		};
/* End XCConfigurationList section */

/* Begin XCRemoteSwiftPackageReference section */
		74901FAA16E93AE3FBDFB40B /* XCRemoteSwiftPackageReference "swift-composable-architecture" */ = {
			isa = XCRemoteSwiftPackageReference;
			repositoryURL = "https://github.com/pointfreeco/swift-composable-architecture.git";
			requirement = {
				kind = exactVersion;
				version = 1.0.0;
			};
		};
/* End XCRemoteSwiftPackageReference section */

/* Begin XCSwiftPackageProductDependency section */
		CC6BA2970EA4E448BF20AE9F /* ComposableArchitecture */ = {
			isa = XCSwiftPackageProductDependency;
			package = 74901FAA16E93AE3FBDFB40B /* XCRemoteSwiftPackageReference "swift-composable-architecture" */;
			productName = ComposableArchitecture;
		};
/* End XCSwiftPackageProductDependency section */
	};
	rootObject = ADC3024882E377DE8AD5DB05 /* Project object */;
}
